// !$*UTF8*$!
{
	archiveVersion = 1;
	classes = {
	};
	objectVersion = 46;
	objects = {

/* Begin PBXBuildFile section */
		5872D18D18EEB9A7002412B9 /* ISSTNewsDetailViewController.m in Sources */ = {isa = PBXBuildFile; fileRef = 5872D18518EEB9A7002412B9 /* ISSTNewsDetailViewController.m */; };
		5872D18E18EEB9A7002412B9 /* ISSTNewsDetailViewController.xib in Resources */ = {isa = PBXBuildFile; fileRef = 5872D18618EEB9A7002412B9 /* ISSTNewsDetailViewController.xib */; };
		5872D18F18EEB9A7002412B9 /* ISSTNewsTableViewCell.m in Sources */ = {isa = PBXBuildFile; fileRef = 5872D18818EEB9A7002412B9 /* ISSTNewsTableViewCell.m */; };
		5872D19018EEB9A7002412B9 /* ISSTNewsTableViewCell.xib in Resources */ = {isa = PBXBuildFile; fileRef = 5872D18918EEB9A7002412B9 /* ISSTNewsTableViewCell.xib */; };
		5872D19118EEB9A7002412B9 /* ISSTNewsViewController.m in Sources */ = {isa = PBXBuildFile; fileRef = 5872D18B18EEB9A7002412B9 /* ISSTNewsViewController.m */; };
		5872D19218EEB9A7002412B9 /* ISSTNewsViewController.xib in Resources */ = {isa = PBXBuildFile; fileRef = 5872D18C18EEB9A7002412B9 /* ISSTNewsViewController.xib */; };
		5872D19D18EEB9AE002412B9 /* ISSTWikisCollectionViewCell.m in Sources */ = {isa = PBXBuildFile; fileRef = 5872D19518EEB9AE002412B9 /* ISSTWikisCollectionViewCell.m */; };
		5872D19E18EEB9AE002412B9 /* ISSTWikisCollectionViewCell.xib in Resources */ = {isa = PBXBuildFile; fileRef = 5872D19618EEB9AE002412B9 /* ISSTWikisCollectionViewCell.xib */; };
		5872D19F18EEB9AE002412B9 /* ISSTWikisDetailViewController.m in Sources */ = {isa = PBXBuildFile; fileRef = 5872D19818EEB9AE002412B9 /* ISSTWikisDetailViewController.m */; };
		5872D1A018EEB9AE002412B9 /* ISSTWikisDetailViewController.xib in Resources */ = {isa = PBXBuildFile; fileRef = 5872D19918EEB9AE002412B9 /* ISSTWikisDetailViewController.xib */; };
		5872D1A118EEB9AE002412B9 /* ISSTWikisViewController.m in Sources */ = {isa = PBXBuildFile; fileRef = 5872D19B18EEB9AE002412B9 /* ISSTWikisViewController.m */; };
		5872D1A218EEB9AE002412B9 /* ISSTWikisViewController.xib in Resources */ = {isa = PBXBuildFile; fileRef = 5872D19C18EEB9AE002412B9 /* ISSTWikisViewController.xib */; };
		AE9B147018EB9C4200034F65 /* ISSTStudyViewController.m in Sources */ = {isa = PBXBuildFile; fileRef = AE9B146E18EB9C4200034F65 /* ISSTStudyViewController.m */; };
		AE9B147118EB9C4200034F65 /* ISSTStudyViewController.xib in Resources */ = {isa = PBXBuildFile; fileRef = AE9B146F18EB9C4200034F65 /* ISSTStudyViewController.xib */; };
		AE9B147418EBA1F300034F65 /* ISSTNewsDetailsModel.m in Sources */ = {isa = PBXBuildFile; fileRef = AE9B147318EBA1F300034F65 /* ISSTNewsDetailsModel.m */; settings = {COMPILER_FLAGS = "-fno-objc-arc"; }; };
		AE9B148118EBB04400034F65 /* LoginErrors.m in Sources */ = {isa = PBXBuildFile; fileRef = AE9B147618EBB04400034F65 /* LoginErrors.m */; };
		AE9B148218EBB04400034F65 /* NetworkReachability.m in Sources */ = {isa = PBXBuildFile; fileRef = AE9B147818EBB04400034F65 /* NetworkReachability.m */; };
		AE9B148318EBB04400034F65 /* Reachability.m in Sources */ = {isa = PBXBuildFile; fileRef = AE9B147A18EBB04400034F65 /* Reachability.m */; };
		AE9B148418EBB04400034F65 /* TFHpple.m in Sources */ = {isa = PBXBuildFile; fileRef = AE9B147C18EBB04400034F65 /* TFHpple.m */; settings = {COMPILER_FLAGS = "-fno-objc-arc"; }; };
		AE9B148518EBB04400034F65 /* TFHppleElement.m in Sources */ = {isa = PBXBuildFile; fileRef = AE9B147E18EBB04400034F65 /* TFHppleElement.m */; settings = {COMPILER_FLAGS = "-fno-objc-arc"; }; };
		AE9B148618EBB04400034F65 /* XPathQuery.m in Sources */ = {isa = PBXBuildFile; fileRef = AE9B148018EBB04400034F65 /* XPathQuery.m */; settings = {COMPILER_FLAGS = "-fno-objc-arc"; }; };
		AE9B148D18EBB72000034F65 /* libxml2.dylib in Frameworks */ = {isa = PBXBuildFile; fileRef = AE9B148C18EBB72000034F65 /* libxml2.dylib */; };
		AE9ECAD818E8F70700FEAEF4 /* ISSTMD5.m in Sources */ = {isa = PBXBuildFile; fileRef = AE9ECAD718E8F70700FEAEF4 /* ISSTMD5.m */; };
		AE9ECADB18E90BD800FEAEF4 /* ISSTCampusNewsParse.m in Sources */ = {isa = PBXBuildFile; fileRef = AE9ECADA18E90BD800FEAEF4 /* ISSTCampusNewsParse.m */; settings = {COMPILER_FLAGS = "-fno-objc-arc"; }; };
		AE9ECADE18E90BF700FEAEF4 /* ISSTCampusNewsModel.m in Sources */ = {isa = PBXBuildFile; fileRef = AE9ECADD18E90BF700FEAEF4 /* ISSTCampusNewsModel.m */; settings = {COMPILER_FLAGS = "-fno-objc-arc"; }; };
		AE9ECAE118E968B200FEAEF4 /* ISSTStudyingModel.m in Sources */ = {isa = PBXBuildFile; fileRef = AE9ECAE018E968B200FEAEF4 /* ISSTStudyingModel.m */; };
		AE9ECAE418E968D100FEAEF4 /* ISSTExperenceModel.m in Sources */ = {isa = PBXBuildFile; fileRef = AE9ECAE318E968D100FEAEF4 /* ISSTExperenceModel.m */; };
		AE9ECAE718E9690200FEAEF4 /* ISSTWikiModel.m in Sources */ = {isa = PBXBuildFile; fileRef = AE9ECAE618E9690200FEAEF4 /* ISSTWikiModel.m */; };
		AE9ECAF518E978EE00FEAEF4 /* BaseParse.m in Sources */ = {isa = PBXBuildFile; fileRef = AE9ECAF418E978EE00FEAEF4 /* BaseParse.m */; };
		AED44E3E18EEDCB300FE636A /* ISSTExperenceDetailViewController.m in Sources */ = {isa = PBXBuildFile; fileRef = AED44E3618EEDCB300FE636A /* ISSTExperenceDetailViewController.m */; };
		AED44E3F18EEDCB300FE636A /* ISSTExperenceDetailViewController.xib in Resources */ = {isa = PBXBuildFile; fileRef = AED44E3718EEDCB300FE636A /* ISSTExperenceDetailViewController.xib */; };
		AED44E4018EEDCB300FE636A /* ISSTExperenceTableViewCell.m in Sources */ = {isa = PBXBuildFile; fileRef = AED44E3918EEDCB300FE636A /* ISSTExperenceTableViewCell.m */; };
		AED44E4118EEDCB300FE636A /* ISSTExperenceTableViewCell.xib in Resources */ = {isa = PBXBuildFile; fileRef = AED44E3A18EEDCB300FE636A /* ISSTExperenceTableViewCell.xib */; };
		AED44E4218EEDCB300FE636A /* ISSTExperenceViewController.m in Sources */ = {isa = PBXBuildFile; fileRef = AED44E3C18EEDCB300FE636A /* ISSTExperenceViewController.m */; };
		AED44E4318EEDCB300FE636A /* ISSTExperenceViewController.xib in Resources */ = {isa = PBXBuildFile; fileRef = AED44E3D18EEDCB300FE636A /* ISSTExperenceViewController.xib */; };
		AEE2844218DADAA000BEF1A9 /* Foundation.framework in Frameworks */ = {isa = PBXBuildFile; fileRef = AEE2844118DADAA000BEF1A9 /* Foundation.framework */; };
		AEE2844418DADAA000BEF1A9 /* CoreGraphics.framework in Frameworks */ = {isa = PBXBuildFile; fileRef = AEE2844318DADAA000BEF1A9 /* CoreGraphics.framework */; };
		AEE2844618DADAA000BEF1A9 /* UIKit.framework in Frameworks */ = {isa = PBXBuildFile; fileRef = AEE2844518DADAA000BEF1A9 /* UIKit.framework */; };
		AEE2844C18DADAA000BEF1A9 /* InfoPlist.strings in Resources */ = {isa = PBXBuildFile; fileRef = AEE2844A18DADAA000BEF1A9 /* InfoPlist.strings */; };
		AEE2844E18DADAA000BEF1A9 /* main.m in Sources */ = {isa = PBXBuildFile; fileRef = AEE2844D18DADAA000BEF1A9 /* main.m */; };
		AEE2845218DADAA000BEF1A9 /* AppDelegate.m in Sources */ = {isa = PBXBuildFile; fileRef = AEE2845118DADAA000BEF1A9 /* AppDelegate.m */; settings = {COMPILER_FLAGS = "-fno-objc-arc"; }; };
		AEE2845518DADAA000BEF1A9 /* Main.storyboard in Resources */ = {isa = PBXBuildFile; fileRef = AEE2845318DADAA000BEF1A9 /* Main.storyboard */; };
		AEE2845A18DADAA000BEF1A9 /* Images.xcassets in Resources */ = {isa = PBXBuildFile; fileRef = AEE2845918DADAA000BEF1A9 /* Images.xcassets */; };
		AEE2846118DADAA000BEF1A9 /* XCTest.framework in Frameworks */ = {isa = PBXBuildFile; fileRef = AEE2846018DADAA000BEF1A9 /* XCTest.framework */; };
		AEE2846218DADAA000BEF1A9 /* Foundation.framework in Frameworks */ = {isa = PBXBuildFile; fileRef = AEE2844118DADAA000BEF1A9 /* Foundation.framework */; };
		AEE2846318DADAA000BEF1A9 /* UIKit.framework in Frameworks */ = {isa = PBXBuildFile; fileRef = AEE2844518DADAA000BEF1A9 /* UIKit.framework */; };
		AEE2846B18DADAA000BEF1A9 /* InfoPlist.strings in Resources */ = {isa = PBXBuildFile; fileRef = AEE2846918DADAA000BEF1A9 /* InfoPlist.strings */; };
		AEE2846D18DADAA000BEF1A9 /* ISSTTests.m in Sources */ = {isa = PBXBuildFile; fileRef = AEE2846C18DADAA000BEF1A9 /* ISSTTests.m */; };
		AEE2847918DAE24A00BEF1A9 /* ISSTRevealViewController.m in Sources */ = {isa = PBXBuildFile; fileRef = AEE2847818DAE24A00BEF1A9 /* ISSTRevealViewController.m */; };
		AEE2847C18DAE55500BEF1A9 /* ISSTMenuViewController.m in Sources */ = {isa = PBXBuildFile; fileRef = AEE2847B18DAE55500BEF1A9 /* ISSTMenuViewController.m */; };
		AEE2848218DB013400BEF1A9 /* ISSTMenuTableViewCell.m in Sources */ = {isa = PBXBuildFile; fileRef = AEE2848118DB013400BEF1A9 /* ISSTMenuTableViewCell.m */; };
		AEE2848418DB04CC00BEF1A9 /* QuartzCore.framework in Frameworks */ = {isa = PBXBuildFile; fileRef = AEE2848318DB04CC00BEF1A9 /* QuartzCore.framework */; };
		AEE2848B18DB0AA200BEF1A9 /* ISSTSidebarSearchViewController.m in Sources */ = {isa = PBXBuildFile; fileRef = AEE2848A18DB0AA200BEF1A9 /* ISSTSidebarSearchViewController.m */; };
		AEE2849C18DB263100BEF1A9 /* searchBarBG.png in Resources */ = {isa = PBXBuildFile; fileRef = AEE2849718DB263100BEF1A9 /* searchBarBG.png */; };
		AEE2849D18DB263100BEF1A9 /* searchBarIcon.png in Resources */ = {isa = PBXBuildFile; fileRef = AEE2849818DB263100BEF1A9 /* searchBarIcon.png */; };
		AEE2849E18DB263100BEF1A9 /* searchBarIcon@2x.png in Resources */ = {isa = PBXBuildFile; fileRef = AEE2849918DB263100BEF1A9 /* searchBarIcon@2x.png */; };
		AEE2849F18DB263100BEF1A9 /* searchTextBG.png in Resources */ = {isa = PBXBuildFile; fileRef = AEE2849A18DB263100BEF1A9 /* searchTextBG.png */; };
		AEE284A018DB263100BEF1A9 /* user.png in Resources */ = {isa = PBXBuildFile; fileRef = AEE2849B18DB263100BEF1A9 /* user.png */; };
		AEE284AC18DB2D1900BEF1A9 /* ISSTApi.m in Sources */ = {isa = PBXBuildFile; fileRef = AEE284AB18DB2D1900BEF1A9 /* ISSTApi.m */; };
		AEFDC75418DDC5E100D7FDAA /* ISSTSlidebarNavController.m in Sources */ = {isa = PBXBuildFile; fileRef = AEFDC75318DDC5E100D7FDAA /* ISSTSlidebarNavController.m */; };
		AEFDC75818DDC90800D7FDAA /* ISSTLoginViewController.m in Sources */ = {isa = PBXBuildFile; fileRef = AEFDC75618DDC90800D7FDAA /* ISSTLoginViewController.m */; };
		AEFDC75918DDC90800D7FDAA /* ISSTLoginViewController.xib in Resources */ = {isa = PBXBuildFile; fileRef = AEFDC75718DDC90800D7FDAA /* ISSTLoginViewController.xib */; };
		AEFDC75C18DECEDD00D7FDAA /* NSString+URLEncoding.m in Sources */ = {isa = PBXBuildFile; fileRef = AEFDC75B18DECEDD00D7FDAA /* NSString+URLEncoding.m */; };
		AEFDC75F18DED14F00D7FDAA /* ISSTLoginApi.m in Sources */ = {isa = PBXBuildFile; fileRef = AEFDC75E18DED14F00D7FDAA /* ISSTLoginApi.m */; };
		AEFDC76D18E0245D00D7FDAA /* ISSTRootViewController.m in Sources */ = {isa = PBXBuildFile; fileRef = AEFDC76C18E0245D00D7FDAA /* ISSTRootViewController.m */; };
		AEFDC77018E1625900D7FDAA /* ISSTUserModel.m in Sources */ = {isa = PBXBuildFile; fileRef = AEFDC76F18E1625900D7FDAA /* ISSTUserModel.m */; settings = {COMPILER_FLAGS = "-fno-objc-arc"; }; };
		AEFDC77318E16A5C00D7FDAA /* ISSTPushedViewController.m in Sources */ = {isa = PBXBuildFile; fileRef = AEFDC77218E16A5C00D7FDAA /* ISSTPushedViewController.m */; };
		AEFDC77618E16D5C00D7FDAA /* UserLoginParse.m in Sources */ = {isa = PBXBuildFile; fileRef = AEFDC77518E16D5C00D7FDAA /* UserLoginParse.m */; settings = {COMPILER_FLAGS = "-fno-objc-arc"; }; };
		AEFDC77918E1B76400D7FDAA /* ISSTNewsApi.m in Sources */ = {isa = PBXBuildFile; fileRef = AEFDC77818E1B76400D7FDAA /* ISSTNewsApi.m */; };
/* End PBXBuildFile section */

/* Begin PBXContainerItemProxy section */
		AEE2846418DADAA000BEF1A9 /* PBXContainerItemProxy */ = {
			isa = PBXContainerItemProxy;
			containerPortal = AEE2843618DADAA000BEF1A9 /* Project object */;
			proxyType = 1;
			remoteGlobalIDString = AEE2843D18DADAA000BEF1A9;
			remoteInfo = ISST;
		};
/* End PBXContainerItemProxy section */

/* Begin PBXFileReference section */
		5872D18418EEB9A7002412B9 /* ISSTNewsDetailViewController.h */ = {isa = PBXFileReference; fileEncoding = 4; lastKnownFileType = sourcecode.c.h; path = ISSTNewsDetailViewController.h; sourceTree = "<group>"; };
		5872D18518EEB9A7002412B9 /* ISSTNewsDetailViewController.m */ = {isa = PBXFileReference; fileEncoding = 4; lastKnownFileType = sourcecode.c.objc; path = ISSTNewsDetailViewController.m; sourceTree = "<group>"; };
		5872D18618EEB9A7002412B9 /* ISSTNewsDetailViewController.xib */ = {isa = PBXFileReference; fileEncoding = 4; lastKnownFileType = file.xib; path = ISSTNewsDetailViewController.xib; sourceTree = "<group>"; };
		5872D18718EEB9A7002412B9 /* ISSTNewsTableViewCell.h */ = {isa = PBXFileReference; fileEncoding = 4; lastKnownFileType = sourcecode.c.h; path = ISSTNewsTableViewCell.h; sourceTree = "<group>"; };
		5872D18818EEB9A7002412B9 /* ISSTNewsTableViewCell.m */ = {isa = PBXFileReference; fileEncoding = 4; lastKnownFileType = sourcecode.c.objc; path = ISSTNewsTableViewCell.m; sourceTree = "<group>"; };
		5872D18918EEB9A7002412B9 /* ISSTNewsTableViewCell.xib */ = {isa = PBXFileReference; fileEncoding = 4; lastKnownFileType = file.xib; path = ISSTNewsTableViewCell.xib; sourceTree = "<group>"; };
		5872D18A18EEB9A7002412B9 /* ISSTNewsViewController.h */ = {isa = PBXFileReference; fileEncoding = 4; lastKnownFileType = sourcecode.c.h; path = ISSTNewsViewController.h; sourceTree = "<group>"; };
		5872D18B18EEB9A7002412B9 /* ISSTNewsViewController.m */ = {isa = PBXFileReference; fileEncoding = 4; lastKnownFileType = sourcecode.c.objc; path = ISSTNewsViewController.m; sourceTree = "<group>"; };
		5872D18C18EEB9A7002412B9 /* ISSTNewsViewController.xib */ = {isa = PBXFileReference; fileEncoding = 4; lastKnownFileType = file.xib; path = ISSTNewsViewController.xib; sourceTree = "<group>"; };
		5872D19418EEB9AE002412B9 /* ISSTWikisCollectionViewCell.h */ = {isa = PBXFileReference; fileEncoding = 4; lastKnownFileType = sourcecode.c.h; path = ISSTWikisCollectionViewCell.h; sourceTree = "<group>"; };
		5872D19518EEB9AE002412B9 /* ISSTWikisCollectionViewCell.m */ = {isa = PBXFileReference; fileEncoding = 4; lastKnownFileType = sourcecode.c.objc; path = ISSTWikisCollectionViewCell.m; sourceTree = "<group>"; };
		5872D19618EEB9AE002412B9 /* ISSTWikisCollectionViewCell.xib */ = {isa = PBXFileReference; fileEncoding = 4; lastKnownFileType = file.xib; path = ISSTWikisCollectionViewCell.xib; sourceTree = "<group>"; };
		5872D19718EEB9AE002412B9 /* ISSTWikisDetailViewController.h */ = {isa = PBXFileReference; fileEncoding = 4; lastKnownFileType = sourcecode.c.h; path = ISSTWikisDetailViewController.h; sourceTree = "<group>"; };
		5872D19818EEB9AE002412B9 /* ISSTWikisDetailViewController.m */ = {isa = PBXFileReference; fileEncoding = 4; lastKnownFileType = sourcecode.c.objc; path = ISSTWikisDetailViewController.m; sourceTree = "<group>"; };
		5872D19918EEB9AE002412B9 /* ISSTWikisDetailViewController.xib */ = {isa = PBXFileReference; fileEncoding = 4; lastKnownFileType = file.xib; path = ISSTWikisDetailViewController.xib; sourceTree = "<group>"; };
		5872D19A18EEB9AE002412B9 /* ISSTWikisViewController.h */ = {isa = PBXFileReference; fileEncoding = 4; lastKnownFileType = sourcecode.c.h; path = ISSTWikisViewController.h; sourceTree = "<group>"; };
		5872D19B18EEB9AE002412B9 /* ISSTWikisViewController.m */ = {isa = PBXFileReference; fileEncoding = 4; lastKnownFileType = sourcecode.c.objc; path = ISSTWikisViewController.m; sourceTree = "<group>"; };
		5872D19C18EEB9AE002412B9 /* ISSTWikisViewController.xib */ = {isa = PBXFileReference; fileEncoding = 4; lastKnownFileType = file.xib; path = ISSTWikisViewController.xib; sourceTree = "<group>"; };
		AE9B146D18EB9C4200034F65 /* ISSTStudyViewController.h */ = {isa = PBXFileReference; fileEncoding = 4; lastKnownFileType = sourcecode.c.h; path = ISSTStudyViewController.h; sourceTree = "<group>"; };
		AE9B146E18EB9C4200034F65 /* ISSTStudyViewController.m */ = {isa = PBXFileReference; fileEncoding = 4; lastKnownFileType = sourcecode.c.objc; path = ISSTStudyViewController.m; sourceTree = "<group>"; };
		AE9B146F18EB9C4200034F65 /* ISSTStudyViewController.xib */ = {isa = PBXFileReference; fileEncoding = 4; lastKnownFileType = file.xib; path = ISSTStudyViewController.xib; sourceTree = "<group>"; };
		AE9B147218EBA1F300034F65 /* ISSTNewsDetailsModel.h */ = {isa = PBXFileReference; fileEncoding = 4; lastKnownFileType = sourcecode.c.h; name = ISSTNewsDetailsModel.h; path = Models/ISSTNewsDetailsModel.h; sourceTree = "<group>"; };
		AE9B147318EBA1F300034F65 /* ISSTNewsDetailsModel.m */ = {isa = PBXFileReference; fileEncoding = 4; lastKnownFileType = sourcecode.c.objc; name = ISSTNewsDetailsModel.m; path = Models/ISSTNewsDetailsModel.m; sourceTree = "<group>"; };
		AE9B147518EBB04400034F65 /* LoginErrors.h */ = {isa = PBXFileReference; fileEncoding = 4; lastKnownFileType = sourcecode.c.h; name = LoginErrors.h; path = Helps/LoginErrors.h; sourceTree = SOURCE_ROOT; };
		AE9B147618EBB04400034F65 /* LoginErrors.m */ = {isa = PBXFileReference; fileEncoding = 4; lastKnownFileType = sourcecode.c.objc; name = LoginErrors.m; path = Helps/LoginErrors.m; sourceTree = SOURCE_ROOT; };
		AE9B147718EBB04400034F65 /* NetworkReachability.h */ = {isa = PBXFileReference; fileEncoding = 4; lastKnownFileType = sourcecode.c.h; name = NetworkReachability.h; path = Helps/NetworkReachability.h; sourceTree = SOURCE_ROOT; };
		AE9B147818EBB04400034F65 /* NetworkReachability.m */ = {isa = PBXFileReference; fileEncoding = 4; lastKnownFileType = sourcecode.c.objc; name = NetworkReachability.m; path = Helps/NetworkReachability.m; sourceTree = SOURCE_ROOT; };
		AE9B147918EBB04400034F65 /* Reachability.h */ = {isa = PBXFileReference; fileEncoding = 4; lastKnownFileType = sourcecode.c.h; name = Reachability.h; path = Helps/Reachability.h; sourceTree = SOURCE_ROOT; };
		AE9B147A18EBB04400034F65 /* Reachability.m */ = {isa = PBXFileReference; fileEncoding = 4; lastKnownFileType = sourcecode.c.objc; name = Reachability.m; path = Helps/Reachability.m; sourceTree = SOURCE_ROOT; };
		AE9B147B18EBB04400034F65 /* TFHpple.h */ = {isa = PBXFileReference; fileEncoding = 4; lastKnownFileType = sourcecode.c.h; name = TFHpple.h; path = Helps/TFHpple.h; sourceTree = SOURCE_ROOT; };
		AE9B147C18EBB04400034F65 /* TFHpple.m */ = {isa = PBXFileReference; fileEncoding = 4; lastKnownFileType = sourcecode.c.objc; name = TFHpple.m; path = Helps/TFHpple.m; sourceTree = SOURCE_ROOT; };
		AE9B147D18EBB04400034F65 /* TFHppleElement.h */ = {isa = PBXFileReference; fileEncoding = 4; lastKnownFileType = sourcecode.c.h; name = TFHppleElement.h; path = Helps/TFHppleElement.h; sourceTree = SOURCE_ROOT; };
		AE9B147E18EBB04400034F65 /* TFHppleElement.m */ = {isa = PBXFileReference; fileEncoding = 4; lastKnownFileType = sourcecode.c.objc; name = TFHppleElement.m; path = Helps/TFHppleElement.m; sourceTree = SOURCE_ROOT; };
		AE9B147F18EBB04400034F65 /* XPathQuery.h */ = {isa = PBXFileReference; fileEncoding = 4; lastKnownFileType = sourcecode.c.h; name = XPathQuery.h; path = Helps/XPathQuery.h; sourceTree = SOURCE_ROOT; };
		AE9B148018EBB04400034F65 /* XPathQuery.m */ = {isa = PBXFileReference; fileEncoding = 4; lastKnownFileType = sourcecode.c.objc; name = XPathQuery.m; path = Helps/XPathQuery.m; sourceTree = SOURCE_ROOT; };
		AE9B148C18EBB72000034F65 /* libxml2.dylib */ = {isa = PBXFileReference; lastKnownFileType = "compiled.mach-o.dylib"; name = libxml2.dylib; path = usr/lib/libxml2.dylib; sourceTree = SDKROOT; };
		AE9ECAD618E8F70700FEAEF4 /* ISSTMD5.h */ = {isa = PBXFileReference; fileEncoding = 4; lastKnownFileType = sourcecode.c.h; name = ISSTMD5.h; path = WebService/ISSTMD5.h; sourceTree = "<group>"; };
		AE9ECAD718E8F70700FEAEF4 /* ISSTMD5.m */ = {isa = PBXFileReference; fileEncoding = 4; lastKnownFileType = sourcecode.c.objc; name = ISSTMD5.m; path = WebService/ISSTMD5.m; sourceTree = "<group>"; };
		AE9ECAD918E90BD800FEAEF4 /* ISSTCampusNewsParse.h */ = {isa = PBXFileReference; fileEncoding = 4; lastKnownFileType = sourcecode.c.h; name = ISSTCampusNewsParse.h; path = Parses/ISSTCampusNewsParse.h; sourceTree = "<group>"; };
		AE9ECADA18E90BD800FEAEF4 /* ISSTCampusNewsParse.m */ = {isa = PBXFileReference; fileEncoding = 4; lastKnownFileType = sourcecode.c.objc; name = ISSTCampusNewsParse.m; path = Parses/ISSTCampusNewsParse.m; sourceTree = "<group>"; };
		AE9ECADC18E90BF700FEAEF4 /* ISSTCampusNewsModel.h */ = {isa = PBXFileReference; fileEncoding = 4; lastKnownFileType = sourcecode.c.h; name = ISSTCampusNewsModel.h; path = Models/ISSTCampusNewsModel.h; sourceTree = "<group>"; };
		AE9ECADD18E90BF700FEAEF4 /* ISSTCampusNewsModel.m */ = {isa = PBXFileReference; fileEncoding = 4; lastKnownFileType = sourcecode.c.objc; name = ISSTCampusNewsModel.m; path = Models/ISSTCampusNewsModel.m; sourceTree = "<group>"; };
		AE9ECADF18E968B200FEAEF4 /* ISSTStudyingModel.h */ = {isa = PBXFileReference; fileEncoding = 4; lastKnownFileType = sourcecode.c.h; name = ISSTStudyingModel.h; path = Models/ISSTStudyingModel.h; sourceTree = "<group>"; };
		AE9ECAE018E968B200FEAEF4 /* ISSTStudyingModel.m */ = {isa = PBXFileReference; fileEncoding = 4; lastKnownFileType = sourcecode.c.objc; name = ISSTStudyingModel.m; path = Models/ISSTStudyingModel.m; sourceTree = "<group>"; };
		AE9ECAE218E968D100FEAEF4 /* ISSTExperenceModel.h */ = {isa = PBXFileReference; fileEncoding = 4; lastKnownFileType = sourcecode.c.h; name = ISSTExperenceModel.h; path = Models/ISSTExperenceModel.h; sourceTree = "<group>"; };
		AE9ECAE318E968D100FEAEF4 /* ISSTExperenceModel.m */ = {isa = PBXFileReference; fileEncoding = 4; lastKnownFileType = sourcecode.c.objc; name = ISSTExperenceModel.m; path = Models/ISSTExperenceModel.m; sourceTree = "<group>"; };
		AE9ECAE518E9690200FEAEF4 /* ISSTWikiModel.h */ = {isa = PBXFileReference; fileEncoding = 4; lastKnownFileType = sourcecode.c.h; name = ISSTWikiModel.h; path = Models/ISSTWikiModel.h; sourceTree = "<group>"; };
		AE9ECAE618E9690200FEAEF4 /* ISSTWikiModel.m */ = {isa = PBXFileReference; fileEncoding = 4; lastKnownFileType = sourcecode.c.objc; name = ISSTWikiModel.m; path = Models/ISSTWikiModel.m; sourceTree = "<group>"; };
		AE9ECAF318E978EE00FEAEF4 /* BaseParse.h */ = {isa = PBXFileReference; fileEncoding = 4; lastKnownFileType = sourcecode.c.h; name = BaseParse.h; path = Parses/BaseParse.h; sourceTree = "<group>"; };
		AE9ECAF418E978EE00FEAEF4 /* BaseParse.m */ = {isa = PBXFileReference; fileEncoding = 4; lastKnownFileType = sourcecode.c.objc; name = BaseParse.m; path = Parses/BaseParse.m; sourceTree = "<group>"; };
		AED44E3518EEDCB300FE636A /* ISSTExperenceDetailViewController.h */ = {isa = PBXFileReference; fileEncoding = 4; lastKnownFileType = sourcecode.c.h; name = ISSTExperenceDetailViewController.h; path = Job/Experence/ISSTExperenceDetailViewController.h; sourceTree = SOURCE_ROOT; };
		AED44E3618EEDCB300FE636A /* ISSTExperenceDetailViewController.m */ = {isa = PBXFileReference; fileEncoding = 4; lastKnownFileType = sourcecode.c.objc; name = ISSTExperenceDetailViewController.m; path = Job/Experence/ISSTExperenceDetailViewController.m; sourceTree = SOURCE_ROOT; };
		AED44E3718EEDCB300FE636A /* ISSTExperenceDetailViewController.xib */ = {isa = PBXFileReference; fileEncoding = 4; lastKnownFileType = file.xib; name = ISSTExperenceDetailViewController.xib; path = Job/Experence/ISSTExperenceDetailViewController.xib; sourceTree = SOURCE_ROOT; };
		AED44E3818EEDCB300FE636A /* ISSTExperenceTableViewCell.h */ = {isa = PBXFileReference; fileEncoding = 4; lastKnownFileType = sourcecode.c.h; name = ISSTExperenceTableViewCell.h; path = Job/Experence/ISSTExperenceTableViewCell.h; sourceTree = SOURCE_ROOT; };
		AED44E3918EEDCB300FE636A /* ISSTExperenceTableViewCell.m */ = {isa = PBXFileReference; fileEncoding = 4; lastKnownFileType = sourcecode.c.objc; name = ISSTExperenceTableViewCell.m; path = Job/Experence/ISSTExperenceTableViewCell.m; sourceTree = SOURCE_ROOT; };
		AED44E3A18EEDCB300FE636A /* ISSTExperenceTableViewCell.xib */ = {isa = PBXFileReference; fileEncoding = 4; lastKnownFileType = file.xib; name = ISSTExperenceTableViewCell.xib; path = Job/Experence/ISSTExperenceTableViewCell.xib; sourceTree = SOURCE_ROOT; };
		AED44E3B18EEDCB300FE636A /* ISSTExperenceViewController.h */ = {isa = PBXFileReference; fileEncoding = 4; lastKnownFileType = sourcecode.c.h; name = ISSTExperenceViewController.h; path = Job/Experence/ISSTExperenceViewController.h; sourceTree = SOURCE_ROOT; };
		AED44E3C18EEDCB300FE636A /* ISSTExperenceViewController.m */ = {isa = PBXFileReference; fileEncoding = 4; lastKnownFileType = sourcecode.c.objc; name = ISSTExperenceViewController.m; path = Job/Experence/ISSTExperenceViewController.m; sourceTree = SOURCE_ROOT; };
		AED44E3D18EEDCB300FE636A /* ISSTExperenceViewController.xib */ = {isa = PBXFileReference; fileEncoding = 4; lastKnownFileType = file.xib; name = ISSTExperenceViewController.xib; path = Job/Experence/ISSTExperenceViewController.xib; sourceTree = SOURCE_ROOT; };
		AEE2843E18DADAA000BEF1A9 /* ISST.app */ = {isa = PBXFileReference; explicitFileType = wrapper.application; includeInIndex = 0; path = ISST.app; sourceTree = BUILT_PRODUCTS_DIR; };
		AEE2844118DADAA000BEF1A9 /* Foundation.framework */ = {isa = PBXFileReference; lastKnownFileType = wrapper.framework; name = Foundation.framework; path = System/Library/Frameworks/Foundation.framework; sourceTree = SDKROOT; };
		AEE2844318DADAA000BEF1A9 /* CoreGraphics.framework */ = {isa = PBXFileReference; lastKnownFileType = wrapper.framework; name = CoreGraphics.framework; path = System/Library/Frameworks/CoreGraphics.framework; sourceTree = SDKROOT; };
		AEE2844518DADAA000BEF1A9 /* UIKit.framework */ = {isa = PBXFileReference; lastKnownFileType = wrapper.framework; name = UIKit.framework; path = System/Library/Frameworks/UIKit.framework; sourceTree = SDKROOT; };
		AEE2844918DADAA000BEF1A9 /* ISST-Info.plist */ = {isa = PBXFileReference; lastKnownFileType = text.plist.xml; path = "ISST-Info.plist"; sourceTree = "<group>"; };
		AEE2844B18DADAA000BEF1A9 /* en */ = {isa = PBXFileReference; lastKnownFileType = text.plist.strings; name = en; path = en.lproj/InfoPlist.strings; sourceTree = "<group>"; };
		AEE2844D18DADAA000BEF1A9 /* main.m */ = {isa = PBXFileReference; lastKnownFileType = sourcecode.c.objc; path = main.m; sourceTree = "<group>"; };
		AEE2844F18DADAA000BEF1A9 /* ISST-Prefix.pch */ = {isa = PBXFileReference; lastKnownFileType = sourcecode.c.h; path = "ISST-Prefix.pch"; sourceTree = "<group>"; };
		AEE2845018DADAA000BEF1A9 /* AppDelegate.h */ = {isa = PBXFileReference; lastKnownFileType = sourcecode.c.h; path = AppDelegate.h; sourceTree = "<group>"; };
		AEE2845118DADAA000BEF1A9 /* AppDelegate.m */ = {isa = PBXFileReference; lastKnownFileType = sourcecode.c.objc; path = AppDelegate.m; sourceTree = "<group>"; };
		AEE2845418DADAA000BEF1A9 /* Base */ = {isa = PBXFileReference; lastKnownFileType = file.storyboard; name = Base; path = Base.lproj/Main.storyboard; sourceTree = "<group>"; };
		AEE2845918DADAA000BEF1A9 /* Images.xcassets */ = {isa = PBXFileReference; lastKnownFileType = folder.assetcatalog; path = Images.xcassets; sourceTree = "<group>"; };
		AEE2845F18DADAA000BEF1A9 /* ISSTTests.xctest */ = {isa = PBXFileReference; explicitFileType = wrapper.cfbundle; includeInIndex = 0; path = ISSTTests.xctest; sourceTree = BUILT_PRODUCTS_DIR; };
		AEE2846018DADAA000BEF1A9 /* XCTest.framework */ = {isa = PBXFileReference; lastKnownFileType = wrapper.framework; name = XCTest.framework; path = Library/Frameworks/XCTest.framework; sourceTree = DEVELOPER_DIR; };
		AEE2846818DADAA000BEF1A9 /* ISSTTests-Info.plist */ = {isa = PBXFileReference; lastKnownFileType = text.plist.xml; path = "ISSTTests-Info.plist"; sourceTree = "<group>"; };
		AEE2846A18DADAA000BEF1A9 /* en */ = {isa = PBXFileReference; lastKnownFileType = text.plist.strings; name = en; path = en.lproj/InfoPlist.strings; sourceTree = "<group>"; };
		AEE2846C18DADAA000BEF1A9 /* ISSTTests.m */ = {isa = PBXFileReference; lastKnownFileType = sourcecode.c.objc; path = ISSTTests.m; sourceTree = "<group>"; };
		AEE2847718DAE24A00BEF1A9 /* ISSTRevealViewController.h */ = {isa = PBXFileReference; fileEncoding = 4; lastKnownFileType = sourcecode.c.h; name = ISSTRevealViewController.h; path = ISSTSlidebarNav/ISSTRevealViewController.h; sourceTree = "<group>"; };
		AEE2847818DAE24A00BEF1A9 /* ISSTRevealViewController.m */ = {isa = PBXFileReference; fileEncoding = 4; lastKnownFileType = sourcecode.c.objc; name = ISSTRevealViewController.m; path = ISSTSlidebarNav/ISSTRevealViewController.m; sourceTree = "<group>"; };
		AEE2847A18DAE55500BEF1A9 /* ISSTMenuViewController.h */ = {isa = PBXFileReference; fileEncoding = 4; lastKnownFileType = sourcecode.c.h; name = ISSTMenuViewController.h; path = ISSTSlidebarNav/ISSTMenuViewController.h; sourceTree = "<group>"; };
		AEE2847B18DAE55500BEF1A9 /* ISSTMenuViewController.m */ = {isa = PBXFileReference; fileEncoding = 4; lastKnownFileType = sourcecode.c.objc; name = ISSTMenuViewController.m; path = ISSTSlidebarNav/ISSTMenuViewController.m; sourceTree = "<group>"; };
		AEE2848018DB013400BEF1A9 /* ISSTMenuTableViewCell.h */ = {isa = PBXFileReference; fileEncoding = 4; lastKnownFileType = sourcecode.c.h; name = ISSTMenuTableViewCell.h; path = ISSTSlidebarNav/ISSTMenuTableViewCell.h; sourceTree = "<group>"; };
		AEE2848118DB013400BEF1A9 /* ISSTMenuTableViewCell.m */ = {isa = PBXFileReference; fileEncoding = 4; lastKnownFileType = sourcecode.c.objc; name = ISSTMenuTableViewCell.m; path = ISSTSlidebarNav/ISSTMenuTableViewCell.m; sourceTree = "<group>"; };
		AEE2848318DB04CC00BEF1A9 /* QuartzCore.framework */ = {isa = PBXFileReference; lastKnownFileType = wrapper.framework; name = QuartzCore.framework; path = System/Library/Frameworks/QuartzCore.framework; sourceTree = SDKROOT; };
		AEE2848818DB0A0C00BEF1A9 /* ISSTSidebarSearchViewControllerDelegate.h */ = {isa = PBXFileReference; lastKnownFileType = sourcecode.c.h; name = ISSTSidebarSearchViewControllerDelegate.h; path = ISSTSlidebarNav/ISSTSidebarSearchViewControllerDelegate.h; sourceTree = "<group>"; };
		AEE2848918DB0AA200BEF1A9 /* ISSTSidebarSearchViewController.h */ = {isa = PBXFileReference; fileEncoding = 4; lastKnownFileType = sourcecode.c.h; name = ISSTSidebarSearchViewController.h; path = ISSTSlidebarNav/ISSTSidebarSearchViewController.h; sourceTree = "<group>"; };
		AEE2848A18DB0AA200BEF1A9 /* ISSTSidebarSearchViewController.m */ = {isa = PBXFileReference; fileEncoding = 4; lastKnownFileType = sourcecode.c.objc; name = ISSTSidebarSearchViewController.m; path = ISSTSlidebarNav/ISSTSidebarSearchViewController.m; sourceTree = "<group>"; };
		AEE2849718DB263100BEF1A9 /* searchBarBG.png */ = {isa = PBXFileReference; lastKnownFileType = image.png; path = searchBarBG.png; sourceTree = "<group>"; };
		AEE2849818DB263100BEF1A9 /* searchBarIcon.png */ = {isa = PBXFileReference; lastKnownFileType = image.png; path = searchBarIcon.png; sourceTree = "<group>"; };
		AEE2849918DB263100BEF1A9 /* searchBarIcon@2x.png */ = {isa = PBXFileReference; lastKnownFileType = image.png; path = "searchBarIcon@2x.png"; sourceTree = "<group>"; };
		AEE2849A18DB263100BEF1A9 /* searchTextBG.png */ = {isa = PBXFileReference; lastKnownFileType = image.png; path = searchTextBG.png; sourceTree = "<group>"; };
		AEE2849B18DB263100BEF1A9 /* user.png */ = {isa = PBXFileReference; lastKnownFileType = image.png; path = user.png; sourceTree = "<group>"; };
		AEE284AA18DB2D1900BEF1A9 /* ISSTApi.h */ = {isa = PBXFileReference; fileEncoding = 4; lastKnownFileType = sourcecode.c.h; name = ISSTApi.h; path = WebService/ISSTApi.h; sourceTree = "<group>"; };
		AEE284AB18DB2D1900BEF1A9 /* ISSTApi.m */ = {isa = PBXFileReference; fileEncoding = 4; lastKnownFileType = sourcecode.c.objc; name = ISSTApi.m; path = WebService/ISSTApi.m; sourceTree = "<group>"; };
		AEE284AD18DB2D7800BEF1A9 /* ISSTWebApiDelegate.h */ = {isa = PBXFileReference; lastKnownFileType = sourcecode.c.h; name = ISSTWebApiDelegate.h; path = WebService/ISSTWebApiDelegate.h; sourceTree = "<group>"; };
		AEFDC75218DDC5E100D7FDAA /* ISSTSlidebarNavController.h */ = {isa = PBXFileReference; fileEncoding = 4; lastKnownFileType = sourcecode.c.h; name = ISSTSlidebarNavController.h; path = ISSTSlidebarNav/ISSTSlidebarNavController.h; sourceTree = "<group>"; };
		AEFDC75318DDC5E100D7FDAA /* ISSTSlidebarNavController.m */ = {isa = PBXFileReference; fileEncoding = 4; lastKnownFileType = sourcecode.c.objc; name = ISSTSlidebarNavController.m; path = ISSTSlidebarNav/ISSTSlidebarNavController.m; sourceTree = "<group>"; };
		AEFDC75518DDC90800D7FDAA /* ISSTLoginViewController.h */ = {isa = PBXFileReference; fileEncoding = 4; lastKnownFileType = sourcecode.c.h; path = ISSTLoginViewController.h; sourceTree = "<group>"; };
		AEFDC75618DDC90800D7FDAA /* ISSTLoginViewController.m */ = {isa = PBXFileReference; fileEncoding = 4; lastKnownFileType = sourcecode.c.objc; path = ISSTLoginViewController.m; sourceTree = "<group>"; };
		AEFDC75718DDC90800D7FDAA /* ISSTLoginViewController.xib */ = {isa = PBXFileReference; fileEncoding = 4; lastKnownFileType = file.xib; path = ISSTLoginViewController.xib; sourceTree = "<group>"; };
		AEFDC75A18DECEDD00D7FDAA /* NSString+URLEncoding.h */ = {isa = PBXFileReference; fileEncoding = 4; lastKnownFileType = sourcecode.c.h; name = "NSString+URLEncoding.h"; path = "WebService/NSString+URLEncoding.h"; sourceTree = "<group>"; };
		AEFDC75B18DECEDD00D7FDAA /* NSString+URLEncoding.m */ = {isa = PBXFileReference; fileEncoding = 4; lastKnownFileType = sourcecode.c.objc; name = "NSString+URLEncoding.m"; path = "WebService/NSString+URLEncoding.m"; sourceTree = "<group>"; };
		AEFDC75D18DED14F00D7FDAA /* ISSTLoginApi.h */ = {isa = PBXFileReference; fileEncoding = 4; lastKnownFileType = sourcecode.c.h; name = ISSTLoginApi.h; path = WebService/ISSTLoginApi.h; sourceTree = "<group>"; };
		AEFDC75E18DED14F00D7FDAA /* ISSTLoginApi.m */ = {isa = PBXFileReference; fileEncoding = 4; lastKnownFileType = sourcecode.c.objc; name = ISSTLoginApi.m; path = WebService/ISSTLoginApi.m; sourceTree = "<group>"; };
		AEFDC76B18E0245D00D7FDAA /* ISSTRootViewController.h */ = {isa = PBXFileReference; fileEncoding = 4; lastKnownFileType = sourcecode.c.h; path = ISSTRootViewController.h; sourceTree = "<group>"; };
		AEFDC76C18E0245D00D7FDAA /* ISSTRootViewController.m */ = {isa = PBXFileReference; fileEncoding = 4; lastKnownFileType = sourcecode.c.objc; path = ISSTRootViewController.m; sourceTree = "<group>"; };
		AEFDC76E18E1625900D7FDAA /* ISSTUserModel.h */ = {isa = PBXFileReference; fileEncoding = 4; lastKnownFileType = sourcecode.c.h; name = ISSTUserModel.h; path = Models/ISSTUserModel.h; sourceTree = "<group>"; };
		AEFDC76F18E1625900D7FDAA /* ISSTUserModel.m */ = {isa = PBXFileReference; fileEncoding = 4; lastKnownFileType = sourcecode.c.objc; name = ISSTUserModel.m; path = Models/ISSTUserModel.m; sourceTree = "<group>"; };
		AEFDC77118E16A5C00D7FDAA /* ISSTPushedViewController.h */ = {isa = PBXFileReference; fileEncoding = 4; lastKnownFileType = sourcecode.c.h; path = ISSTPushedViewController.h; sourceTree = "<group>"; };
		AEFDC77218E16A5C00D7FDAA /* ISSTPushedViewController.m */ = {isa = PBXFileReference; fileEncoding = 4; lastKnownFileType = sourcecode.c.objc; path = ISSTPushedViewController.m; sourceTree = "<group>"; };
		AEFDC77418E16D5C00D7FDAA /* UserLoginParse.h */ = {isa = PBXFileReference; fileEncoding = 4; lastKnownFileType = sourcecode.c.h; name = UserLoginParse.h; path = Parses/UserLoginParse.h; sourceTree = "<group>"; };
		AEFDC77518E16D5C00D7FDAA /* UserLoginParse.m */ = {isa = PBXFileReference; fileEncoding = 4; lastKnownFileType = sourcecode.c.objc; name = UserLoginParse.m; path = Parses/UserLoginParse.m; sourceTree = "<group>"; };
		AEFDC77718E1B76400D7FDAA /* ISSTNewsApi.h */ = {isa = PBXFileReference; fileEncoding = 4; lastKnownFileType = sourcecode.c.h; name = ISSTNewsApi.h; path = WebService/ISSTNewsApi.h; sourceTree = "<group>"; };
		AEFDC77818E1B76400D7FDAA /* ISSTNewsApi.m */ = {isa = PBXFileReference; fileEncoding = 4; lastKnownFileType = sourcecode.c.objc; name = ISSTNewsApi.m; path = WebService/ISSTNewsApi.m; sourceTree = "<group>"; };
/* End PBXFileReference section */

/* Begin PBXFrameworksBuildPhase section */
		AEE2843B18DADAA000BEF1A9 /* Frameworks */ = {
			isa = PBXFrameworksBuildPhase;
			buildActionMask = 2147483647;
			files = (
				AE9B148D18EBB72000034F65 /* libxml2.dylib in Frameworks */,
				AEE2848418DB04CC00BEF1A9 /* QuartzCore.framework in Frameworks */,
				AEE2844418DADAA000BEF1A9 /* CoreGraphics.framework in Frameworks */,
				AEE2844618DADAA000BEF1A9 /* UIKit.framework in Frameworks */,
				AEE2844218DADAA000BEF1A9 /* Foundation.framework in Frameworks */,
			);
			runOnlyForDeploymentPostprocessing = 0;
		};
		AEE2845C18DADAA000BEF1A9 /* Frameworks */ = {
			isa = PBXFrameworksBuildPhase;
			buildActionMask = 2147483647;
			files = (
				AEE2846118DADAA000BEF1A9 /* XCTest.framework in Frameworks */,
				AEE2846318DADAA000BEF1A9 /* UIKit.framework in Frameworks */,
				AEE2846218DADAA000BEF1A9 /* Foundation.framework in Frameworks */,
			);
			runOnlyForDeploymentPostprocessing = 0;
		};
/* End PBXFrameworksBuildPhase section */

/* Begin PBXGroup section */
		5872D18318EEB9A7002412B9 /* News */ = {
			isa = PBXGroup;
			children = (
				5872D18418EEB9A7002412B9 /* ISSTNewsDetailViewController.h */,
				5872D18518EEB9A7002412B9 /* ISSTNewsDetailViewController.m */,
				5872D18618EEB9A7002412B9 /* ISSTNewsDetailViewController.xib */,
				5872D18718EEB9A7002412B9 /* ISSTNewsTableViewCell.h */,
				5872D18818EEB9A7002412B9 /* ISSTNewsTableViewCell.m */,
				5872D18918EEB9A7002412B9 /* ISSTNewsTableViewCell.xib */,
				5872D18A18EEB9A7002412B9 /* ISSTNewsViewController.h */,
				5872D18B18EEB9A7002412B9 /* ISSTNewsViewController.m */,
				5872D18C18EEB9A7002412B9 /* ISSTNewsViewController.xib */,
			);
			path = News;
			sourceTree = "<group>";
		};
		5872D19318EEB9AE002412B9 /* Wikis */ = {
			isa = PBXGroup;
			children = (
				5872D19418EEB9AE002412B9 /* ISSTWikisCollectionViewCell.h */,
				5872D19518EEB9AE002412B9 /* ISSTWikisCollectionViewCell.m */,
				5872D19618EEB9AE002412B9 /* ISSTWikisCollectionViewCell.xib */,
				5872D19718EEB9AE002412B9 /* ISSTWikisDetailViewController.h */,
				5872D19818EEB9AE002412B9 /* ISSTWikisDetailViewController.m */,
				5872D19918EEB9AE002412B9 /* ISSTWikisDetailViewController.xib */,
				5872D19A18EEB9AE002412B9 /* ISSTWikisViewController.h */,
				5872D19B18EEB9AE002412B9 /* ISSTWikisViewController.m */,
				5872D19C18EEB9AE002412B9 /* ISSTWikisViewController.xib */,
			);
			path = Wikis;
			sourceTree = "<group>";
		};
		5872D1E018EED93D002412B9 /* Experence */ = {
			isa = PBXGroup;
			children = (
				AED44E3518EEDCB300FE636A /* ISSTExperenceDetailViewController.h */,
				AED44E3618EEDCB300FE636A /* ISSTExperenceDetailViewController.m */,
				AED44E3718EEDCB300FE636A /* ISSTExperenceDetailViewController.xib */,
				AED44E3818EEDCB300FE636A /* ISSTExperenceTableViewCell.h */,
				AED44E3918EEDCB300FE636A /* ISSTExperenceTableViewCell.m */,
				AED44E3A18EEDCB300FE636A /* ISSTExperenceTableViewCell.xib */,
				AED44E3B18EEDCB300FE636A /* ISSTExperenceViewController.h */,
				AED44E3C18EEDCB300FE636A /* ISSTExperenceViewController.m */,
				AED44E3D18EEDCB300FE636A /* ISSTExperenceViewController.xib */,
			);
			name = Experence;
			path = Job/Experence;
			sourceTree = "<group>";
		};
		AE9ECAE818E969AE00FEAEF4 /* Helps */ = {
			isa = PBXGroup;
			children = (
				AE9B147518EBB04400034F65 /* LoginErrors.h */,
				AE9B147618EBB04400034F65 /* LoginErrors.m */,
				AE9B147718EBB04400034F65 /* NetworkReachability.h */,
				AE9B147818EBB04400034F65 /* NetworkReachability.m */,
				AE9B147918EBB04400034F65 /* Reachability.h */,
				AE9B147A18EBB04400034F65 /* Reachability.m */,
				AE9B147B18EBB04400034F65 /* TFHpple.h */,
				AE9B147C18EBB04400034F65 /* TFHpple.m */,
				AE9B147D18EBB04400034F65 /* TFHppleElement.h */,
				AE9B147E18EBB04400034F65 /* TFHppleElement.m */,
				AE9B147F18EBB04400034F65 /* XPathQuery.h */,
				AE9B148018EBB04400034F65 /* XPathQuery.m */,
			);
			name = Helps;
			path = ISST/Errors;
			sourceTree = "<group>";
		};
		AE9ECAE918E969C400FEAEF4 /* Status */ = {
			isa = PBXGroup;
			children = (
			);
			path = Status;
			sourceTree = "<group>";
		};
		AEE2843518DADAA000BEF1A9 = {
			isa = PBXGroup;
			children = (
				AE9ECAE918E969C400FEAEF4 /* Status */,
				AE9ECAE818E969AE00FEAEF4 /* Helps */,
				AEFDC76018DFFF2700D7FDAA /* Parses */,
				AEE284A318DB2B8100BEF1A9 /* Models */,
				AEE2849618DB263100BEF1A9 /* Images */,
				AEE284A118DB2A4300BEF1A9 /* WebService */,
				AEE284A218DB2A5300BEF1A9 /* main */,
				AEE2847618DADAF600BEF1A9 /* ISSTSlidebarNav */,
				AEE2844718DADAA000BEF1A9 /* ISST */,
				AEE2846618DADAA000BEF1A9 /* ISSTTests */,
				AEE2844018DADAA000BEF1A9 /* Frameworks */,
				AEE2843F18DADAA000BEF1A9 /* Products */,
			);
			sourceTree = "<group>";
		};
		AEE2843F18DADAA000BEF1A9 /* Products */ = {
			isa = PBXGroup;
			children = (
				AEE2843E18DADAA000BEF1A9 /* ISST.app */,
				AEE2845F18DADAA000BEF1A9 /* ISSTTests.xctest */,
			);
			name = Products;
			sourceTree = "<group>";
		};
		AEE2844018DADAA000BEF1A9 /* Frameworks */ = {
			isa = PBXGroup;
			children = (
				AE9B148C18EBB72000034F65 /* libxml2.dylib */,
				AEE2848318DB04CC00BEF1A9 /* QuartzCore.framework */,
				AEE2844118DADAA000BEF1A9 /* Foundation.framework */,
				AEE2844318DADAA000BEF1A9 /* CoreGraphics.framework */,
				AEE2844518DADAA000BEF1A9 /* UIKit.framework */,
				AEE2846018DADAA000BEF1A9 /* XCTest.framework */,
			);
			name = Frameworks;
			sourceTree = "<group>";
		};
		AEE2844718DADAA000BEF1A9 /* ISST */ = {
			isa = PBXGroup;
			children = (
				AEE2845018DADAA000BEF1A9 /* AppDelegate.h */,
				AEE2845118DADAA000BEF1A9 /* AppDelegate.m */,
				AEE2845318DADAA000BEF1A9 /* Main.storyboard */,
				AEE2845918DADAA000BEF1A9 /* Images.xcassets */,
				AEE2844818DADAA000BEF1A9 /* Supporting Files */,
			);
			path = ISST;
			sourceTree = "<group>";
		};
		AEE2844818DADAA000BEF1A9 /* Supporting Files */ = {
			isa = PBXGroup;
			children = (
				AEE2844918DADAA000BEF1A9 /* ISST-Info.plist */,
				AEE2844A18DADAA000BEF1A9 /* InfoPlist.strings */,
				AEE2844D18DADAA000BEF1A9 /* main.m */,
				AEE2844F18DADAA000BEF1A9 /* ISST-Prefix.pch */,
			);
			name = "Supporting Files";
			sourceTree = "<group>";
		};
		AEE2846618DADAA000BEF1A9 /* ISSTTests */ = {
			isa = PBXGroup;
			children = (
				AEE2846C18DADAA000BEF1A9 /* ISSTTests.m */,
				AEE2846718DADAA000BEF1A9 /* Supporting Files */,
			);
			path = ISSTTests;
			sourceTree = "<group>";
		};
		AEE2846718DADAA000BEF1A9 /* Supporting Files */ = {
			isa = PBXGroup;
			children = (
				AEE2846818DADAA000BEF1A9 /* ISSTTests-Info.plist */,
				AEE2846918DADAA000BEF1A9 /* InfoPlist.strings */,
			);
			name = "Supporting Files";
			sourceTree = "<group>";
		};
		AEE2847618DADAF600BEF1A9 /* ISSTSlidebarNav */ = {
			isa = PBXGroup;
			children = (
				AEE2847718DAE24A00BEF1A9 /* ISSTRevealViewController.h */,
				AEE2847818DAE24A00BEF1A9 /* ISSTRevealViewController.m */,
				AEE2847A18DAE55500BEF1A9 /* ISSTMenuViewController.h */,
				AEE2847B18DAE55500BEF1A9 /* ISSTMenuViewController.m */,
				AEE2848018DB013400BEF1A9 /* ISSTMenuTableViewCell.h */,
				AEE2848118DB013400BEF1A9 /* ISSTMenuTableViewCell.m */,
				AEE2848918DB0AA200BEF1A9 /* ISSTSidebarSearchViewController.h */,
				AEE2848A18DB0AA200BEF1A9 /* ISSTSidebarSearchViewController.m */,
				AEE2848818DB0A0C00BEF1A9 /* ISSTSidebarSearchViewControllerDelegate.h */,
				AEFDC75218DDC5E100D7FDAA /* ISSTSlidebarNavController.h */,
				AEFDC75318DDC5E100D7FDAA /* ISSTSlidebarNavController.m */,
			);
			name = ISSTSlidebarNav;
			sourceTree = "<group>";
		};
		AEE2849618DB263100BEF1A9 /* Images */ = {
			isa = PBXGroup;
			children = (
				AEE2849718DB263100BEF1A9 /* searchBarBG.png */,
				AEE2849818DB263100BEF1A9 /* searchBarIcon.png */,
				AEE2849918DB263100BEF1A9 /* searchBarIcon@2x.png */,
				AEE2849A18DB263100BEF1A9 /* searchTextBG.png */,
				AEE2849B18DB263100BEF1A9 /* user.png */,
			);
			path = Images;
			sourceTree = "<group>";
		};
		AEE284A118DB2A4300BEF1A9 /* WebService */ = {
			isa = PBXGroup;
			children = (
				AEFDC75A18DECEDD00D7FDAA /* NSString+URLEncoding.h */,
				AEFDC75B18DECEDD00D7FDAA /* NSString+URLEncoding.m */,
				AEE284AD18DB2D7800BEF1A9 /* ISSTWebApiDelegate.h */,
				AE9ECAD618E8F70700FEAEF4 /* ISSTMD5.h */,
				AE9ECAD718E8F70700FEAEF4 /* ISSTMD5.m */,
				AEE284AA18DB2D1900BEF1A9 /* ISSTApi.h */,
				AEE284AB18DB2D1900BEF1A9 /* ISSTApi.m */,
				AEFDC75D18DED14F00D7FDAA /* ISSTLoginApi.h */,
				AEFDC75E18DED14F00D7FDAA /* ISSTLoginApi.m */,
				AEFDC77718E1B76400D7FDAA /* ISSTNewsApi.h */,
				AEFDC77818E1B76400D7FDAA /* ISSTNewsApi.m */,
			);
			name = WebService;
			sourceTree = "<group>";
		};
		AEE284A218DB2A5300BEF1A9 /* main */ = {
			isa = PBXGroup;
			children = (
				AEE284AE18DB2F2B00BEF1A9 /* Base */,
				AEE284A418DB2C6000BEF1A9 /* Contact */,
				AEE284A518DB2C6000BEF1A9 /* Job */,
				AEE284A618DB2C6000BEF1A9 /* Life */,
				AEE284A718DB2C6000BEF1A9 /* Login */,
				AEE284A818DB2C6000BEF1A9 /* Person */,
				AEE284A918DB2C6000BEF1A9 /* SameCity */,
			);
			name = main;
			sourceTree = "<group>";
		};
		AEE284A318DB2B8100BEF1A9 /* Models */ = {
			isa = PBXGroup;
			children = (
				AEFDC76E18E1625900D7FDAA /* ISSTUserModel.h */,
				AEFDC76F18E1625900D7FDAA /* ISSTUserModel.m */,
				AE9ECADC18E90BF700FEAEF4 /* ISSTCampusNewsModel.h */,
				AE9ECADD18E90BF700FEAEF4 /* ISSTCampusNewsModel.m */,
				AE9B147218EBA1F300034F65 /* ISSTNewsDetailsModel.h */,
				AE9B147318EBA1F300034F65 /* ISSTNewsDetailsModel.m */,
				AE9ECADF18E968B200FEAEF4 /* ISSTStudyingModel.h */,
				AE9ECAE018E968B200FEAEF4 /* ISSTStudyingModel.m */,
				AE9ECAE218E968D100FEAEF4 /* ISSTExperenceModel.h */,
				AE9ECAE318E968D100FEAEF4 /* ISSTExperenceModel.m */,
				AE9ECAE518E9690200FEAEF4 /* ISSTWikiModel.h */,
				AE9ECAE618E9690200FEAEF4 /* ISSTWikiModel.m */,
			);
			name = Models;
			sourceTree = "<group>";
		};
		AEE284A418DB2C6000BEF1A9 /* Contact */ = {
			isa = PBXGroup;
			children = (
			);
			path = Contact;
			sourceTree = "<group>";
		};
		AEE284A518DB2C6000BEF1A9 /* Job */ = {
			isa = PBXGroup;
			children = (
				5872D1E018EED93D002412B9 /* Experence */,
			);
			path = Job;
			sourceTree = "<group>";
		};
		AEE284A618DB2C6000BEF1A9 /* Life */ = {
			isa = PBXGroup;
			children = (
				5872D19318EEB9AE002412B9 /* Wikis */,
				5872D18318EEB9A7002412B9 /* News */,
				AE9B146D18EB9C4200034F65 /* ISSTStudyViewController.h */,
				AE9B146E18EB9C4200034F65 /* ISSTStudyViewController.m */,
				AE9B146F18EB9C4200034F65 /* ISSTStudyViewController.xib */,
			);
			path = Life;
			sourceTree = "<group>";
		};
		AEE284A718DB2C6000BEF1A9 /* Login */ = {
			isa = PBXGroup;
			children = (
				AEFDC75518DDC90800D7FDAA /* ISSTLoginViewController.h */,
				AEFDC75618DDC90800D7FDAA /* ISSTLoginViewController.m */,
				AEFDC75718DDC90800D7FDAA /* ISSTLoginViewController.xib */,
			);
			path = Login;
			sourceTree = "<group>";
		};
		AEE284A818DB2C6000BEF1A9 /* Person */ = {
			isa = PBXGroup;
			children = (
			);
			path = Person;
			sourceTree = "<group>";
		};
		AEE284A918DB2C6000BEF1A9 /* SameCity */ = {
			isa = PBXGroup;
			children = (
			);
			path = SameCity;
			sourceTree = "<group>";
		};
		AEE284AE18DB2F2B00BEF1A9 /* Base */ = {
			isa = PBXGroup;
			children = (
				AEFDC77118E16A5C00D7FDAA /* ISSTPushedViewController.h */,
				AEFDC77218E16A5C00D7FDAA /* ISSTPushedViewController.m */,
				AEFDC76B18E0245D00D7FDAA /* ISSTRootViewController.h */,
				AEFDC76C18E0245D00D7FDAA /* ISSTRootViewController.m */,
			);
			path = Base;
			sourceTree = "<group>";
		};
		AEFDC76018DFFF2700D7FDAA /* Parses */ = {
			isa = PBXGroup;
			children = (
				AEFDC77418E16D5C00D7FDAA /* UserLoginParse.h */,
				AEFDC77518E16D5C00D7FDAA /* UserLoginParse.m */,
				AE9ECAD918E90BD800FEAEF4 /* ISSTCampusNewsParse.h */,
				AE9ECADA18E90BD800FEAEF4 /* ISSTCampusNewsParse.m */,
				AE9ECAF318E978EE00FEAEF4 /* BaseParse.h */,
				AE9ECAF418E978EE00FEAEF4 /* BaseParse.m */,
			);
			name = Parses;
			sourceTree = "<group>";
		};
/* End PBXGroup section */

/* Begin PBXNativeTarget section */
		AEE2843D18DADAA000BEF1A9 /* ISST */ = {
			isa = PBXNativeTarget;
			buildConfigurationList = AEE2847018DADAA100BEF1A9 /* Build configuration list for PBXNativeTarget "ISST" */;
			buildPhases = (
				AEE2843B18DADAA000BEF1A9 /* Frameworks */,
				AEE2843A18DADAA000BEF1A9 /* Sources */,
				AEE2843C18DADAA000BEF1A9 /* Resources */,
			);
			buildRules = (
			);
			dependencies = (
			);
			name = ISST;
			productName = ISST;
			productReference = AEE2843E18DADAA000BEF1A9 /* ISST.app */;
			productType = "com.apple.product-type.application";
		};
		AEE2845E18DADAA000BEF1A9 /* ISSTTests */ = {
			isa = PBXNativeTarget;
			buildConfigurationList = AEE2847318DADAA100BEF1A9 /* Build configuration list for PBXNativeTarget "ISSTTests" */;
			buildPhases = (
				AEE2845B18DADAA000BEF1A9 /* Sources */,
				AEE2845C18DADAA000BEF1A9 /* Frameworks */,
				AEE2845D18DADAA000BEF1A9 /* Resources */,
			);
			buildRules = (
			);
			dependencies = (
				AEE2846518DADAA000BEF1A9 /* PBXTargetDependency */,
			);
			name = ISSTTests;
			productName = ISSTTests;
			productReference = AEE2845F18DADAA000BEF1A9 /* ISSTTests.xctest */;
			productType = "com.apple.product-type.bundle.unit-test";
		};
/* End PBXNativeTarget section */

/* Begin PBXProject section */
		AEE2843618DADAA000BEF1A9 /* Project object */ = {
			isa = PBXProject;
			attributes = {
				LastUpgradeCheck = 0510;
				ORGANIZATIONNAME = MSE.ZJU;
				TargetAttributes = {
					AEE2845E18DADAA000BEF1A9 = {
						TestTargetID = AEE2843D18DADAA000BEF1A9;
					};
				};
			};
			buildConfigurationList = AEE2843918DADAA000BEF1A9 /* Build configuration list for PBXProject "ISST" */;
			compatibilityVersion = "Xcode 3.2";
			developmentRegion = English;
			hasScannedForEncodings = 0;
			knownRegions = (
				en,
				Base,
			);
			mainGroup = AEE2843518DADAA000BEF1A9;
			productRefGroup = AEE2843F18DADAA000BEF1A9 /* Products */;
			projectDirPath = "";
			projectRoot = "";
			targets = (
				AEE2843D18DADAA000BEF1A9 /* ISST */,
				AEE2845E18DADAA000BEF1A9 /* ISSTTests */,
			);
		};
/* End PBXProject section */

/* Begin PBXResourcesBuildPhase section */
		AEE2843C18DADAA000BEF1A9 /* Resources */ = {
			isa = PBXResourcesBuildPhase;
			buildActionMask = 2147483647;
			files = (
				AEE2845A18DADAA000BEF1A9 /* Images.xcassets in Resources */,
				AE9B147118EB9C4200034F65 /* ISSTStudyViewController.xib in Resources */,
				AEE2849D18DB263100BEF1A9 /* searchBarIcon.png in Resources */,
				AEE2844C18DADAA000BEF1A9 /* InfoPlist.strings in Resources */,
				5872D18E18EEB9A7002412B9 /* ISSTNewsDetailViewController.xib in Resources */,
				5872D1A218EEB9AE002412B9 /* ISSTWikisViewController.xib in Resources */,
				AED44E4318EEDCB300FE636A /* ISSTExperenceViewController.xib in Resources */,
				AED44E4118EEDCB300FE636A /* ISSTExperenceTableViewCell.xib in Resources */,
				5872D19018EEB9A7002412B9 /* ISSTNewsTableViewCell.xib in Resources */,
				5872D1A018EEB9AE002412B9 /* ISSTWikisDetailViewController.xib in Resources */,
				AEE2849C18DB263100BEF1A9 /* searchBarBG.png in Resources */,
				AEE2849E18DB263100BEF1A9 /* searchBarIcon@2x.png in Resources */,
				AEFDC75918DDC90800D7FDAA /* ISSTLoginViewController.xib in Resources */,
				5872D19218EEB9A7002412B9 /* ISSTNewsViewController.xib in Resources */,
				AEE284A018DB263100BEF1A9 /* user.png in Resources */,
				AEE2845518DADAA000BEF1A9 /* Main.storyboard in Resources */,
				AEE2849F18DB263100BEF1A9 /* searchTextBG.png in Resources */,
				5872D19E18EEB9AE002412B9 /* ISSTWikisCollectionViewCell.xib in Resources */,
				AED44E3F18EEDCB300FE636A /* ISSTExperenceDetailViewController.xib in Resources */,
			);
			runOnlyForDeploymentPostprocessing = 0;
		};
		AEE2845D18DADAA000BEF1A9 /* Resources */ = {
			isa = PBXResourcesBuildPhase;
			buildActionMask = 2147483647;
			files = (
				AEE2846B18DADAA000BEF1A9 /* InfoPlist.strings in Resources */,
			);
			runOnlyForDeploymentPostprocessing = 0;
		};
/* End PBXResourcesBuildPhase section */

/* Begin PBXSourcesBuildPhase section */
		AEE2843A18DADAA000BEF1A9 /* Sources */ = {
			isa = PBXSourcesBuildPhase;
			buildActionMask = 2147483647;
			files = (
				AE9ECAD818E8F70700FEAEF4 /* ISSTMD5.m in Sources */,
				AED44E4218EEDCB300FE636A /* ISSTExperenceViewController.m in Sources */,
				AE9B148218EBB04400034F65 /* NetworkReachability.m in Sources */,
				AEFDC77918E1B76400D7FDAA /* ISSTNewsApi.m in Sources */,
				AEFDC77318E16A5C00D7FDAA /* ISSTPushedViewController.m in Sources */,
				AE9B148118EBB04400034F65 /* LoginErrors.m in Sources */,
				AEE284AC18DB2D1900BEF1A9 /* ISSTApi.m in Sources */,
				AEE2847C18DAE55500BEF1A9 /* ISSTMenuViewController.m in Sources */,
				AEFDC77618E16D5C00D7FDAA /* UserLoginParse.m in Sources */,
				AEFDC75F18DED14F00D7FDAA /* ISSTLoginApi.m in Sources */,
				AE9ECADB18E90BD800FEAEF4 /* ISSTCampusNewsParse.m in Sources */,
				5872D19F18EEB9AE002412B9 /* ISSTWikisDetailViewController.m in Sources */,
				AE9B148318EBB04400034F65 /* Reachability.m in Sources */,
				5872D18D18EEB9A7002412B9 /* ISSTNewsDetailViewController.m in Sources */,
				AE9B147018EB9C4200034F65 /* ISSTStudyViewController.m in Sources */,
				5872D18F18EEB9A7002412B9 /* ISSTNewsTableViewCell.m in Sources */,
				AEFDC75418DDC5E100D7FDAA /* ISSTSlidebarNavController.m in Sources */,
				AE9ECAE718E9690200FEAEF4 /* ISSTWikiModel.m in Sources */,
				AE9B148618EBB04400034F65 /* XPathQuery.m in Sources */,
				5872D1A118EEB9AE002412B9 /* ISSTWikisViewController.m in Sources */,
				AEFDC75818DDC90800D7FDAA /* ISSTLoginViewController.m in Sources */,
				AE9ECAE418E968D100FEAEF4 /* ISSTExperenceModel.m in Sources */,
				AE9ECADE18E90BF700FEAEF4 /* ISSTCampusNewsModel.m in Sources */,
				AEE2848218DB013400BEF1A9 /* ISSTMenuTableViewCell.m in Sources */,
				AEE2848B18DB0AA200BEF1A9 /* ISSTSidebarSearchViewController.m in Sources */,
				AE9B148518EBB04400034F65 /* TFHppleElement.m in Sources */,
				AEE2845218DADAA000BEF1A9 /* AppDelegate.m in Sources */,
				AE9ECAF518E978EE00FEAEF4 /* BaseParse.m in Sources */,
				AE9B148418EBB04400034F65 /* TFHpple.m in Sources */,
				5872D19D18EEB9AE002412B9 /* ISSTWikisCollectionViewCell.m in Sources */,
				AEFDC76D18E0245D00D7FDAA /* ISSTRootViewController.m in Sources */,
				AE9ECAE118E968B200FEAEF4 /* ISSTStudyingModel.m in Sources */,
				5872D19118EEB9A7002412B9 /* ISSTNewsViewController.m in Sources */,
				AEE2847918DAE24A00BEF1A9 /* ISSTRevealViewController.m in Sources */,
				AED44E4018EEDCB300FE636A /* ISSTExperenceTableViewCell.m in Sources */,
				AEFDC77018E1625900D7FDAA /* ISSTUserModel.m in Sources */,
				AED44E3E18EEDCB300FE636A /* ISSTExperenceDetailViewController.m in Sources */,
				AEE2844E18DADAA000BEF1A9 /* main.m in Sources */,
				AE9B147418EBA1F300034F65 /* ISSTNewsDetailsModel.m in Sources */,
				AEFDC75C18DECEDD00D7FDAA /* NSString+URLEncoding.m in Sources */,
			);
			runOnlyForDeploymentPostprocessing = 0;
		};
		AEE2845B18DADAA000BEF1A9 /* Sources */ = {
			isa = PBXSourcesBuildPhase;
			buildActionMask = 2147483647;
			files = (
				AEE2846D18DADAA000BEF1A9 /* ISSTTests.m in Sources */,
			);
			runOnlyForDeploymentPostprocessing = 0;
		};
/* End PBXSourcesBuildPhase section */

/* Begin PBXTargetDependency section */
		AEE2846518DADAA000BEF1A9 /* PBXTargetDependency */ = {
			isa = PBXTargetDependency;
			target = AEE2843D18DADAA000BEF1A9 /* ISST */;
			targetProxy = AEE2846418DADAA000BEF1A9 /* PBXContainerItemProxy */;
		};
/* End PBXTargetDependency section */

/* Begin PBXVariantGroup section */
		AEE2844A18DADAA000BEF1A9 /* InfoPlist.strings */ = {
			isa = PBXVariantGroup;
			children = (
				AEE2844B18DADAA000BEF1A9 /* en */,
			);
			name = InfoPlist.strings;
			sourceTree = "<group>";
		};
		AEE2845318DADAA000BEF1A9 /* Main.storyboard */ = {
			isa = PBXVariantGroup;
			children = (
				AEE2845418DADAA000BEF1A9 /* Base */,
			);
			name = Main.storyboard;
			sourceTree = "<group>";
		};
		AEE2846918DADAA000BEF1A9 /* InfoPlist.strings */ = {
			isa = PBXVariantGroup;
			children = (
				AEE2846A18DADAA000BEF1A9 /* en */,
			);
			name = InfoPlist.strings;
			sourceTree = "<group>";
		};
/* End PBXVariantGroup section */

/* Begin XCBuildConfiguration section */
		AEE2846E18DADAA100BEF1A9 /* Debug */ = {
			isa = XCBuildConfiguration;
			buildSettings = {
				ALWAYS_SEARCH_USER_PATHS = NO;
				CLANG_CXX_LANGUAGE_STANDARD = "gnu++0x";
				CLANG_CXX_LIBRARY = "libc++";
				CLANG_ENABLE_MODULES = YES;
				CLANG_ENABLE_OBJC_ARC = YES;
				CLANG_WARN_BOOL_CONVERSION = YES;
				CLANG_WARN_CONSTANT_CONVERSION = YES;
				CLANG_WARN_DIRECT_OBJC_ISA_USAGE = YES_ERROR;
				CLANG_WARN_EMPTY_BODY = YES;
				CLANG_WARN_ENUM_CONVERSION = YES;
				CLANG_WARN_INT_CONVERSION = YES;
				CLANG_WARN_OBJC_ROOT_CLASS = YES_ERROR;
				CLANG_WARN__DUPLICATE_METHOD_MATCH = YES;
				"CODE_SIGN_IDENTITY[sdk=iphoneos*]" = "iPhone Developer";
				COPY_PHASE_STRIP = NO;
				GCC_C_LANGUAGE_STANDARD = gnu99;
				GCC_DYNAMIC_NO_PIC = NO;
				GCC_OPTIMIZATION_LEVEL = 0;
				GCC_PREPROCESSOR_DEFINITIONS = (
					"DEBUG=1",
					"$(inherited)",
				);
				GCC_SYMBOLS_PRIVATE_EXTERN = NO;
				GCC_WARN_64_TO_32_BIT_CONVERSION = YES;
				GCC_WARN_ABOUT_RETURN_TYPE = YES_ERROR;
				GCC_WARN_UNDECLARED_SELECTOR = YES;
				GCC_WARN_UNINITIALIZED_AUTOS = YES_AGGRESSIVE;
				GCC_WARN_UNUSED_FUNCTION = YES;
				GCC_WARN_UNUSED_VARIABLE = YES;
				IPHONEOS_DEPLOYMENT_TARGET = 7.1;
				ONLY_ACTIVE_ARCH = YES;
				SDKROOT = iphoneos;
			};
			name = Debug;
		};
		AEE2846F18DADAA100BEF1A9 /* Release */ = {
			isa = XCBuildConfiguration;
			buildSettings = {
				ALWAYS_SEARCH_USER_PATHS = NO;
				CLANG_CXX_LANGUAGE_STANDARD = "gnu++0x";
				CLANG_CXX_LIBRARY = "libc++";
				CLANG_ENABLE_MODULES = YES;
				CLANG_ENABLE_OBJC_ARC = YES;
				CLANG_WARN_BOOL_CONVERSION = YES;
				CLANG_WARN_CONSTANT_CONVERSION = YES;
				CLANG_WARN_DIRECT_OBJC_ISA_USAGE = YES_ERROR;
				CLANG_WARN_EMPTY_BODY = YES;
				CLANG_WARN_ENUM_CONVERSION = YES;
				CLANG_WARN_INT_CONVERSION = YES;
				CLANG_WARN_OBJC_ROOT_CLASS = YES_ERROR;
				CLANG_WARN__DUPLICATE_METHOD_MATCH = YES;
				"CODE_SIGN_IDENTITY[sdk=iphoneos*]" = "iPhone Developer";
				COPY_PHASE_STRIP = YES;
				ENABLE_NS_ASSERTIONS = NO;
				GCC_C_LANGUAGE_STANDARD = gnu99;
				GCC_WARN_64_TO_32_BIT_CONVERSION = YES;
				GCC_WARN_ABOUT_RETURN_TYPE = YES_ERROR;
				GCC_WARN_UNDECLARED_SELECTOR = YES;
				GCC_WARN_UNINITIALIZED_AUTOS = YES_AGGRESSIVE;
				GCC_WARN_UNUSED_FUNCTION = YES;
				GCC_WARN_UNUSED_VARIABLE = YES;
				IPHONEOS_DEPLOYMENT_TARGET = 7.1;
				SDKROOT = iphoneos;
				VALIDATE_PRODUCT = YES;
			};
			name = Release;
		};
		AEE2847118DADAA100BEF1A9 /* Debug */ = {
			isa = XCBuildConfiguration;
			buildSettings = {
				ASSETCATALOG_COMPILER_APPICON_NAME = AppIcon;
				ASSETCATALOG_COMPILER_LAUNCHIMAGE_NAME = LaunchImage;
				GCC_PRECOMPILE_PREFIX_HEADER = YES;
				GCC_PREFIX_HEADER = "ISST/ISST-Prefix.pch";
				HEADER_SEARCH_PATHS = /usr/include/libxml2;
				INFOPLIST_FILE = "ISST/ISST-Info.plist";
				OTHER_LDFLAGS = "";
				PRODUCT_NAME = "$(TARGET_NAME)";
				WRAPPER_EXTENSION = app;
			};
			name = Debug;
		};
		AEE2847218DADAA100BEF1A9 /* Release */ = {
			isa = XCBuildConfiguration;
			buildSettings = {
				ASSETCATALOG_COMPILER_APPICON_NAME = AppIcon;
				ASSETCATALOG_COMPILER_LAUNCHIMAGE_NAME = LaunchImage;
				GCC_PRECOMPILE_PREFIX_HEADER = YES;
				GCC_PREFIX_HEADER = "ISST/ISST-Prefix.pch";
				HEADER_SEARCH_PATHS = /usr/include/libxml2;
				INFOPLIST_FILE = "ISST/ISST-Info.plist";
				OTHER_LDFLAGS = "";
				PRODUCT_NAME = "$(TARGET_NAME)";
				WRAPPER_EXTENSION = app;
			};
			name = Release;
		};
		AEE2847418DADAA100BEF1A9 /* Debug */ = {
			isa = XCBuildConfiguration;
			buildSettings = {
				BUNDLE_LOADER = "$(BUILT_PRODUCTS_DIR)/ISST.app/ISST";
				FRAMEWORK_SEARCH_PATHS = (
					"$(SDKROOT)/Developer/Library/Frameworks",
					"$(inherited)",
					"$(DEVELOPER_FRAMEWORKS_DIR)",
				);
				GCC_PRECOMPILE_PREFIX_HEADER = YES;
				GCC_PREFIX_HEADER = "ISST/ISST-Prefix.pch";
				GCC_PREPROCESSOR_DEFINITIONS = (
					"DEBUG=1",
					"$(inherited)",
				);
				INFOPLIST_FILE = "ISSTTests/ISSTTests-Info.plist";
				PRODUCT_NAME = "$(TARGET_NAME)";
				TEST_HOST = "$(BUNDLE_LOADER)";
				WRAPPER_EXTENSION = xctest;
			};
			name = Debug;
		};
		AEE2847518DADAA100BEF1A9 /* Release */ = {
			isa = XCBuildConfiguration;
			buildSettings = {
				BUNDLE_LOADER = "$(BUILT_PRODUCTS_DIR)/ISST.app/ISST";
				FRAMEWORK_SEARCH_PATHS = (
					"$(SDKROOT)/Developer/Library/Frameworks",
					"$(inherited)",
					"$(DEVELOPER_FRAMEWORKS_DIR)",
				);
				GCC_PRECOMPILE_PREFIX_HEADER = YES;
				GCC_PREFIX_HEADER = "ISST/ISST-Prefix.pch";
				INFOPLIST_FILE = "ISSTTests/ISSTTests-Info.plist";
				PRODUCT_NAME = "$(TARGET_NAME)";
				TEST_HOST = "$(BUNDLE_LOADER)";
				WRAPPER_EXTENSION = xctest;
			};
			name = Release;
		};
/* End XCBuildConfiguration section */

/* Begin XCConfigurationList section */
		AEE2843918DADAA000BEF1A9 /* Build configuration list for PBXProject "ISST" */ = {
			isa = XCConfigurationList;
			buildConfigurations = (
				AEE2846E18DADAA100BEF1A9 /* Debug */,
				AEE2846F18DADAA100BEF1A9 /* Release */,
			);
			defaultConfigurationIsVisible = 0;
			defaultConfigurationName = Release;
		};
		AEE2847018DADAA100BEF1A9 /* Build configuration list for PBXNativeTarget "ISST" */ = {
			isa = XCConfigurationList;
			buildConfigurations = (
				AEE2847118DADAA100BEF1A9 /* Debug */,
				AEE2847218DADAA100BEF1A9 /* Release */,
			);
			defaultConfigurationIsVisible = 0;
			defaultConfigurationName = Release;
		};
		AEE2847318DADAA100BEF1A9 /* Build configuration list for PBXNativeTarget "ISSTTests" */ = {
			isa = XCConfigurationList;
			buildConfigurations = (
				AEE2847418DADAA100BEF1A9 /* Debug */,
				AEE2847518DADAA100BEF1A9 /* Release */,
			);
			defaultConfigurationIsVisible = 0;
			defaultConfigurationName = Release;
		};
/* End XCConfigurationList section */
	};
	rootObject = AEE2843618DADAA000BEF1A9 /* Project object */;
}
